{
  "name": "JS PEP",
  "lockfileVersion": 2,
  "requires": true,
  "packages": {
    "": {
      "dependencies": {
        "minimist": "^0.2.3"
      }
    },
    "node_modules/minimist": {
      "version": "0.2.3",
      "resolved": "https://registry.npmjs.org/minimist/-/minimist-0.2.3.tgz",
      "integrity": "sha512-cdOrRjzm/cI4sG1c1Kzgo5kpFQm61wrgADF89L2ONgCqlwWNCJ3L4DoOLamFIagKhdnRuC+4eWgdRB4OoibyuQ==",
      "funding": {
        "url": "https://github.com/sponsors/ljharb"
      }
    }
  },
  "dependencies": {
    "minimist": {
      "version": "0.2.3",
      "resolved": "https://registry.npmjs.org/minimist/-/minimist-0.2.3.tgz",
      "integrity": "sha512-cdOrRjzm/cI4sG1c1Kzgo5kpFQm61wrgADF89L2ONgCqlwWNCJ3L4DoOLamFIagKhdnRuC+4eWgdRB4OoibyuQ=="
    }
  }
}
